
Microsoft Visual Studio Solution File, Format Version 12.00
# Visual Studio 15
VisualStudioVersion = 15.0.26730.16
MinimumVisualStudioVersion = 10.0.40219.1
Project("{FAE04EC0-301F-11D3-BF4B-00C04F79EFBC}") = "ConsoleUI", "ConsoleUI\ConsoleUI.csproj", "{6C94CFE7-A35B-437D-9C32-40BDADB4D0E3}"
EndProject
Project("{FAE04EC0-301F-11D3-BF4B-00C04F79EFBC}") = "NumConverter", "NumConverter\NumConverter.csproj", "{93F3BBB5-A3C1-4120-8414-D8EFD5C0AE2E}"
EndProject
Global
	GlobalSection(SolutionConfigurationPlatforms) = preSolution
		Debug|Any CPU = Debug|Any CPU
		Release|Any CPU = Release|Any CPU
	EndGlobalSection
	GlobalSection(ProjectConfigurationPlatforms) = postSolution
		{6C94CFE7-A35B-437D-9C32-40BDADB4D0E3}.Debug|Any CPU.ActiveCfg = Debug|Any CPU
		{6C94CFE7-A35B-437D-9C32-40BDADB4D0E3}.Debug|Any CPU.Build.0 = Debug|Any CPU
		{6C94CFE7-A35B-437D-9C32-40BDADB4D0E3}.Release|Any CPU.ActiveCfg = Release|Any CPU
		{6C94CFE7-A35B-437D-9C32-40BDADB4D0E3}.Release|Any CPU.Build.0 = Release|Any CPU
		{93F3BBB5-A3C1-4120-8414-D8EFD5C0AE2E}.Debug|Any CPU.ActiveCfg = Debug|Any CPU
		{93F3BBB5-A3C1-4120-8414-D8EFD5C0AE2E}.Debug|Any CPU.Build.0 = Debug|Any CPU
		{93F3BBB5-A3C1-4120-8414-D8EFD5C0AE2E}.Release|Any CPU.ActiveCfg = Release|Any CPU
		{93F3BBB5-A3C1-4120-8414-D8EFD5C0AE2E}.Release|Any CPU.Build.0 = Release|Any CPU
	EndGlobalSection
	GlobalSection(SolutionProperties) = preSolution
		HideSolutionNode = FALSE
	EndGlobalSection
	GlobalSection(ExtensibilityGlobals) = postSolution
		SolutionGuid = {949E3AA7-0AAD-449D-A071-68E9E98C5BE1}
	EndGlobalSection
EndGlobal
